github.com/goombaio/cli v0.0.0-20180914033941-f34d9967e984 h1:TFbo7ljFA2ZmvElO5W+hmAMh2uZkDrzDcJkFYaN9AVg=
github.com/goombaio/cli v0.0.0-20180914033941-f34d9967e984/go.mod h1:PIE4wnL2RdbwEWHTSbBZVN19z8CoyAMgrTDoJvNXZyk=
github.com/goombaio/log v0.0.0-20180913224420-ec0586fe340d h1:lB5z7ZbMH+IJ7nOkYGOLVAEpqlSOue5UIUKjR6k/ESo=
github.com/goombaio/log v0.0.0-20180913224420-ec0586fe340d/go.mod h1:4SzIJyIMuV87Y+sY04tuNjStZP7juSaPsObSbKrClP0=
